// !$*UTF8*$!
{
	archiveVersion = 1;
	classes = {
	};
	objectVersion = 56;
	objects = {

/* Begin PBXBuildFile section */
		645290862B31E0B800855E7E /* AppDelegate.swift in Sources */ = {isa = PBXBuildFile; fileRef = 645290852B31E0B800855E7E /* AppDelegate.swift */; };
		645290882B31E0B800855E7E /* SceneDelegate.swift in Sources */ = {isa = PBXBuildFile; fileRef = 645290872B31E0B800855E7E /* SceneDelegate.swift */; };
		6452908A2B31E0B800855E7E /* LoginViewController.swift in Sources */ = {isa = PBXBuildFile; fileRef = 645290892B31E0B800855E7E /* LoginViewController.swift */; };
		6452908F2B31E0B900855E7E /* Assets.xcassets in Resources */ = {isa = PBXBuildFile; fileRef = 6452908E2B31E0B900855E7E /* Assets.xcassets */; };
		645290922B31E0B900855E7E /* LaunchScreen.storyboard in Resources */ = {isa = PBXBuildFile; fileRef = 645290902B31E0B900855E7E /* LaunchScreen.storyboard */; };
		6452909C2B31EA6A00855E7E /* LoginView.swift in Sources */ = {isa = PBXBuildFile; fileRef = 6452909B2B31EA6A00855E7E /* LoginView.swift */; };
		6452909F2B31EA9A00855E7E /* Extension + UIColor.swift in Sources */ = {isa = PBXBuildFile; fileRef = 6452909E2B31EA9A00855E7E /* Extension + UIColor.swift */; };
		645290A22B31EAEA00855E7E /* CustomButton.swift in Sources */ = {isa = PBXBuildFile; fileRef = 645290A12B31EAEA00855E7E /* CustomButton.swift */; };
		645290A42B31EAF700855E7E /* CustomTextField.swift in Sources */ = {isa = PBXBuildFile; fileRef = 645290A32B31EAF700855E7E /* CustomTextField.swift */; };
		645290A62B31EB0000855E7E /* CustomLabel.swift in Sources */ = {isa = PBXBuildFile; fileRef = 645290A52B31EB0000855E7E /* CustomLabel.swift */; };
		645290A82B31EB2300855E7E /* LoginViewModel.swift in Sources */ = {isa = PBXBuildFile; fileRef = 645290A72B31EB2300855E7E /* LoginViewModel.swift */; };
		645290B52B31EC6E00855E7E /* gothampro_mediumitalic.ttf in Resources */ = {isa = PBXBuildFile; fileRef = 645290AB2B31EC6E00855E7E /* gothampro_mediumitalic.ttf */; };
		645290B62B31EC6E00855E7E /* gothampro_medium.ttf in Resources */ = {isa = PBXBuildFile; fileRef = 645290AC2B31EC6E00855E7E /* gothampro_medium.ttf */; };
		645290B72B31EC6E00855E7E /* gothampro.ttf in Resources */ = {isa = PBXBuildFile; fileRef = 645290AD2B31EC6E00855E7E /* gothampro.ttf */; };
		645290B82B31EC6E00855E7E /* gothampro_bold.ttf in Resources */ = {isa = PBXBuildFile; fileRef = 645290AE2B31EC6E00855E7E /* gothampro_bold.ttf */; };
		645290B92B31EC6E00855E7E /* gothampro_black.ttf in Resources */ = {isa = PBXBuildFile; fileRef = 645290AF2B31EC6E00855E7E /* gothampro_black.ttf */; };
		645290BA2B31EC6E00855E7E /* gothampro_italic.ttf in Resources */ = {isa = PBXBuildFile; fileRef = 645290B02B31EC6E00855E7E /* gothampro_italic.ttf */; };
		645290BB2B31EC6E00855E7E /* gothampro_light.ttf in Resources */ = {isa = PBXBuildFile; fileRef = 645290B12B31EC6E00855E7E /* gothampro_light.ttf */; };
		645290BC2B31EC6E00855E7E /* gothampro_lightitalic.ttf in Resources */ = {isa = PBXBuildFile; fileRef = 645290B22B31EC6E00855E7E /* gothampro_lightitalic.ttf */; };
		645290BD2B31EC6E00855E7E /* gothampro_blackitalic.ttf in Resources */ = {isa = PBXBuildFile; fileRef = 645290B32B31EC6E00855E7E /* gothampro_blackitalic.ttf */; };
		645290BE2B31EC6E00855E7E /* gothampro_bolditalic.ttf in Resources */ = {isa = PBXBuildFile; fileRef = 645290B42B31EC6E00855E7E /* gothampro_bolditalic.ttf */; };
		645290C12B320CEC00855E7E /* RegisterViewController.swift in Sources */ = {isa = PBXBuildFile; fileRef = 645290C02B320CEC00855E7E /* RegisterViewController.swift */; };
		645290C32B320CFE00855E7E /* RegisterView.swift in Sources */ = {isa = PBXBuildFile; fileRef = 645290C22B320CFE00855E7E /* RegisterView.swift */; };
		645290C52B320D0900855E7E /* RegisterViewModel.swift in Sources */ = {isa = PBXBuildFile; fileRef = 645290C42B320D0900855E7E /* RegisterViewModel.swift */; };
		645290C82B32402C00855E7E /* CreatePasswordViewController.swift in Sources */ = {isa = PBXBuildFile; fileRef = 645290C72B32402C00855E7E /* CreatePasswordViewController.swift */; };
		645290CA2B32404600855E7E /* CreatePasswordView.swift in Sources */ = {isa = PBXBuildFile; fileRef = 645290C92B32404600855E7E /* CreatePasswordView.swift */; };
		645290CC2B32409E00855E7E /* CreatePasswordViewModel.swift in Sources */ = {isa = PBXBuildFile; fileRef = 645290CB2B32409E00855E7E /* CreatePasswordViewModel.swift */; };
		645290CE2B3249B500855E7E /* PasswordTextField.swift in Sources */ = {isa = PBXBuildFile; fileRef = 645290CD2B3249B500855E7E /* PasswordTextField.swift */; };
		645290D12B346FC600855E7E /* ProfileView.swift in Sources */ = {isa = PBXBuildFile; fileRef = 645290D02B346FC600855E7E /* ProfileView.swift */; };
		645290D32B346FD900855E7E /* ProfileViewController.swift in Sources */ = {isa = PBXBuildFile; fileRef = 645290D22B346FD900855E7E /* ProfileViewController.swift */; };
		645290D52B346FE900855E7E /* ProfileViewModel.swift in Sources */ = {isa = PBXBuildFile; fileRef = 645290D42B346FE900855E7E /* ProfileViewModel.swift */; };
		645290D72B347EA900855E7E /* ProfileTableViewCell.swift in Sources */ = {isa = PBXBuildFile; fileRef = 645290D62B347EA900855E7E /* ProfileTableViewCell.swift */; };
		645290D92B34878600855E7E /* ProfileCellData.swift in Sources */ = {isa = PBXBuildFile; fileRef = 645290D82B34878600855E7E /* ProfileCellData.swift */; };
		645290DB2B34D9C600855E7E /* TabBarController.swift in Sources */ = {isa = PBXBuildFile; fileRef = 645290DA2B34D9C600855E7E /* TabBarController.swift */; };
		645290DD2B37F6B000855E7E /* Extension + UIImage.swift in Sources */ = {isa = PBXBuildFile; fileRef = 645290DC2B37F6B000855E7E /* Extension + UIImage.swift */; };
		645290DF2B384A6900855E7E /* CustomNavigationButton.swift in Sources */ = {isa = PBXBuildFile; fileRef = 645290DE2B384A6900855E7E /* CustomNavigationButton.swift */; };
		645290E22B384C4A00855E7E /* ProfileEditView.swift in Sources */ = {isa = PBXBuildFile; fileRef = 645290E12B384C4A00855E7E /* ProfileEditView.swift */; };
		645290E42B384C7300855E7E /* ProfileEditViewController.swift in Sources */ = {isa = PBXBuildFile; fileRef = 645290E32B384C7300855E7E /* ProfileEditViewController.swift */; };
		645290E62B384C8F00855E7E /* ProfileEditViewModel.swift in Sources */ = {isa = PBXBuildFile; fileRef = 645290E52B384C8F00855E7E /* ProfileEditViewModel.swift */; };
		645290F42B38B4D200855E7E /* ProfileEditCell.swift in Sources */ = {isa = PBXBuildFile; fileRef = 645290F32B38B4D200855E7E /* ProfileEditCell.swift */; };
		645290F82B38B53400855E7E /* ProfileEditCellData.swift in Sources */ = {isa = PBXBuildFile; fileRef = 645290F72B38B53400855E7E /* ProfileEditCellData.swift */; };
		645290FA2B38B55000855E7E /* TextFieldData.swift in Sources */ = {isa = PBXBuildFile; fileRef = 645290F92B38B55000855E7E /* TextFieldData.swift */; };
		645290FD2B3A7A9500855E7E /* VerificationViewController.swift in Sources */ = {isa = PBXBuildFile; fileRef = 645290FC2B3A7A9500855E7E /* VerificationViewController.swift */; };
		645290FF2B3A7ADC00855E7E /* VerificationView.swift in Sources */ = {isa = PBXBuildFile; fileRef = 645290FE2B3A7ADC00855E7E /* VerificationView.swift */; };
		645291012B3A7B8C00855E7E /* VerificationViewModel.swift in Sources */ = {isa = PBXBuildFile; fileRef = 645291002B3A7B8C00855E7E /* VerificationViewModel.swift */; };
		645291042B3D6A8C00855E7E /* RecoveyViewController.swift in Sources */ = {isa = PBXBuildFile; fileRef = 645291032B3D6A8C00855E7E /* RecoveyViewController.swift */; };
		645291062B3D6AA100855E7E /* RecoveryView.swift in Sources */ = {isa = PBXBuildFile; fileRef = 645291052B3D6AA100855E7E /* RecoveryView.swift */; };
		645291082B3D6AB700855E7E /* RecoveryViewModel.swift in Sources */ = {isa = PBXBuildFile; fileRef = 645291072B3D6AB700855E7E /* RecoveryViewModel.swift */; };
		6452910A2B3D830A00855E7E /* CodeInputView.swift in Sources */ = {isa = PBXBuildFile; fileRef = 645291092B3D830A00855E7E /* CodeInputView.swift */; };
		6452910D2B3E065200855E7E /* MainView.swift in Sources */ = {isa = PBXBuildFile; fileRef = 6452910C2B3E065200855E7E /* MainView.swift */; };
		6452910F2B3E065F00855E7E /* MainViewController.swift in Sources */ = {isa = PBXBuildFile; fileRef = 6452910E2B3E065F00855E7E /* MainViewController.swift */; };
		645291132B3E067C00855E7E /* MainViewModel.swift in Sources */ = {isa = PBXBuildFile; fileRef = 645291122B3E067C00855E7E /* MainViewModel.swift */; };
		645291162B440C9900855E7E /* Endpoint.swift in Sources */ = {isa = PBXBuildFile; fileRef = 645291152B440C9900855E7E /* Endpoint.swift */; };
		645291182B440CB100855E7E /* HTTP.swift in Sources */ = {isa = PBXBuildFile; fileRef = 645291172B440CB100855E7E /* HTTP.swift */; };
		6452911A2B440CD000855E7E /* NetworkManager.swift in Sources */ = {isa = PBXBuildFile; fileRef = 645291192B440CD000855E7E /* NetworkManager.swift */; };
		645291202B440D0C00855E7E /* Models.swift in Sources */ = {isa = PBXBuildFile; fileRef = 6452911F2B440D0C00855E7E /* Models.swift */; };
		645291252B44868000855E7E /* TokenDataManager.swift in Sources */ = {isa = PBXBuildFile; fileRef = 645291242B44868000855E7E /* TokenDataManager.swift */; };
		8A53FE2B36F047AA23AEB5B2 /* Pods_Neobis_iOS_Marketplace.framework in Frameworks */ = {isa = PBXBuildFile; fileRef = 1A28795AD258BB37E0CEDAE5 /* Pods_Neobis_iOS_Marketplace.framework */; };
/* End PBXBuildFile section */

/* Begin PBXFileReference section */
		0FD4A6A2D4B6D83714909FA6 /* Pods-Neobis_iOS_Marketplace.debug.xcconfig */ = {isa = PBXFileReference; includeInIndex = 1; lastKnownFileType = text.xcconfig; name = "Pods-Neobis_iOS_Marketplace.debug.xcconfig"; path = "Target Support Files/Pods-Neobis_iOS_Marketplace/Pods-Neobis_iOS_Marketplace.debug.xcconfig"; sourceTree = "<group>"; };
		1A28795AD258BB37E0CEDAE5 /* Pods_Neobis_iOS_Marketplace.framework */ = {isa = PBXFileReference; explicitFileType = wrapper.framework; includeInIndex = 0; path = Pods_Neobis_iOS_Marketplace.framework; sourceTree = BUILT_PRODUCTS_DIR; };
		645290822B31E0B800855E7E /* Neobis_iOS_Marketplace.app */ = {isa = PBXFileReference; explicitFileType = wrapper.application; includeInIndex = 0; path = Neobis_iOS_Marketplace.app; sourceTree = BUILT_PRODUCTS_DIR; };
		645290852B31E0B800855E7E /* AppDelegate.swift */ = {isa = PBXFileReference; lastKnownFileType = sourcecode.swift; path = AppDelegate.swift; sourceTree = "<group>"; };
		645290872B31E0B800855E7E /* SceneDelegate.swift */ = {isa = PBXFileReference; lastKnownFileType = sourcecode.swift; path = SceneDelegate.swift; sourceTree = "<group>"; };
		645290892B31E0B800855E7E /* LoginViewController.swift */ = {isa = PBXFileReference; lastKnownFileType = sourcecode.swift; path = LoginViewController.swift; sourceTree = "<group>"; };
		6452908E2B31E0B900855E7E /* Assets.xcassets */ = {isa = PBXFileReference; lastKnownFileType = folder.assetcatalog; path = Assets.xcassets; sourceTree = "<group>"; };
		645290912B31E0B900855E7E /* Base */ = {isa = PBXFileReference; lastKnownFileType = file.storyboard; name = Base; path = Base.lproj/LaunchScreen.storyboard; sourceTree = "<group>"; };
		645290932B31E0B900855E7E /* Info.plist */ = {isa = PBXFileReference; lastKnownFileType = text.plist.xml; path = Info.plist; sourceTree = "<group>"; };
		6452909B2B31EA6A00855E7E /* LoginView.swift */ = {isa = PBXFileReference; lastKnownFileType = sourcecode.swift; path = LoginView.swift; sourceTree = "<group>"; };
		6452909E2B31EA9A00855E7E /* Extension + UIColor.swift */ = {isa = PBXFileReference; lastKnownFileType = sourcecode.swift; path = "Extension + UIColor.swift"; sourceTree = "<group>"; };
		645290A12B31EAEA00855E7E /* CustomButton.swift */ = {isa = PBXFileReference; lastKnownFileType = sourcecode.swift; path = CustomButton.swift; sourceTree = "<group>"; };
		645290A32B31EAF700855E7E /* CustomTextField.swift */ = {isa = PBXFileReference; lastKnownFileType = sourcecode.swift; path = CustomTextField.swift; sourceTree = "<group>"; };
		645290A52B31EB0000855E7E /* CustomLabel.swift */ = {isa = PBXFileReference; lastKnownFileType = sourcecode.swift; path = CustomLabel.swift; sourceTree = "<group>"; };
		645290A72B31EB2300855E7E /* LoginViewModel.swift */ = {isa = PBXFileReference; lastKnownFileType = sourcecode.swift; path = LoginViewModel.swift; sourceTree = "<group>"; };
		645290AB2B31EC6E00855E7E /* gothampro_mediumitalic.ttf */ = {isa = PBXFileReference; lastKnownFileType = file; path = gothampro_mediumitalic.ttf; sourceTree = "<group>"; };
		645290AC2B31EC6E00855E7E /* gothampro_medium.ttf */ = {isa = PBXFileReference; lastKnownFileType = file; path = gothampro_medium.ttf; sourceTree = "<group>"; };
		645290AD2B31EC6E00855E7E /* gothampro.ttf */ = {isa = PBXFileReference; lastKnownFileType = file; path = gothampro.ttf; sourceTree = "<group>"; };
		645290AE2B31EC6E00855E7E /* gothampro_bold.ttf */ = {isa = PBXFileReference; lastKnownFileType = file; path = gothampro_bold.ttf; sourceTree = "<group>"; };
		645290AF2B31EC6E00855E7E /* gothampro_black.ttf */ = {isa = PBXFileReference; lastKnownFileType = file; path = gothampro_black.ttf; sourceTree = "<group>"; };
		645290B02B31EC6E00855E7E /* gothampro_italic.ttf */ = {isa = PBXFileReference; lastKnownFileType = file; path = gothampro_italic.ttf; sourceTree = "<group>"; };
		645290B12B31EC6E00855E7E /* gothampro_light.ttf */ = {isa = PBXFileReference; lastKnownFileType = file; path = gothampro_light.ttf; sourceTree = "<group>"; };
		645290B22B31EC6E00855E7E /* gothampro_lightitalic.ttf */ = {isa = PBXFileReference; lastKnownFileType = file; path = gothampro_lightitalic.ttf; sourceTree = "<group>"; };
		645290B32B31EC6E00855E7E /* gothampro_blackitalic.ttf */ = {isa = PBXFileReference; lastKnownFileType = file; path = gothampro_blackitalic.ttf; sourceTree = "<group>"; };
		645290B42B31EC6E00855E7E /* gothampro_bolditalic.ttf */ = {isa = PBXFileReference; lastKnownFileType = file; path = gothampro_bolditalic.ttf; sourceTree = "<group>"; };
		645290C02B320CEC00855E7E /* RegisterViewController.swift */ = {isa = PBXFileReference; lastKnownFileType = sourcecode.swift; path = RegisterViewController.swift; sourceTree = "<group>"; };
		645290C22B320CFE00855E7E /* RegisterView.swift */ = {isa = PBXFileReference; lastKnownFileType = sourcecode.swift; path = RegisterView.swift; sourceTree = "<group>"; };
		645290C42B320D0900855E7E /* RegisterViewModel.swift */ = {isa = PBXFileReference; lastKnownFileType = sourcecode.swift; path = RegisterViewModel.swift; sourceTree = "<group>"; };
		645290C72B32402C00855E7E /* CreatePasswordViewController.swift */ = {isa = PBXFileReference; lastKnownFileType = sourcecode.swift; path = CreatePasswordViewController.swift; sourceTree = "<group>"; };
		645290C92B32404600855E7E /* CreatePasswordView.swift */ = {isa = PBXFileReference; lastKnownFileType = sourcecode.swift; path = CreatePasswordView.swift; sourceTree = "<group>"; };
		645290CB2B32409E00855E7E /* CreatePasswordViewModel.swift */ = {isa = PBXFileReference; lastKnownFileType = sourcecode.swift; path = CreatePasswordViewModel.swift; sourceTree = "<group>"; };
		645290CD2B3249B500855E7E /* PasswordTextField.swift */ = {isa = PBXFileReference; lastKnownFileType = sourcecode.swift; path = PasswordTextField.swift; sourceTree = "<group>"; };
		645290D02B346FC600855E7E /* ProfileView.swift */ = {isa = PBXFileReference; lastKnownFileType = sourcecode.swift; path = ProfileView.swift; sourceTree = "<group>"; };
		645290D22B346FD900855E7E /* ProfileViewController.swift */ = {isa = PBXFileReference; lastKnownFileType = sourcecode.swift; path = ProfileViewController.swift; sourceTree = "<group>"; };
		645290D42B346FE900855E7E /* ProfileViewModel.swift */ = {isa = PBXFileReference; lastKnownFileType = sourcecode.swift; path = ProfileViewModel.swift; sourceTree = "<group>"; };
		645290D62B347EA900855E7E /* ProfileTableViewCell.swift */ = {isa = PBXFileReference; lastKnownFileType = sourcecode.swift; path = ProfileTableViewCell.swift; sourceTree = "<group>"; };
		645290D82B34878600855E7E /* ProfileCellData.swift */ = {isa = PBXFileReference; lastKnownFileType = sourcecode.swift; path = ProfileCellData.swift; sourceTree = "<group>"; };
		645290DA2B34D9C600855E7E /* TabBarController.swift */ = {isa = PBXFileReference; lastKnownFileType = sourcecode.swift; path = TabBarController.swift; sourceTree = "<group>"; };
		645290DC2B37F6B000855E7E /* Extension + UIImage.swift */ = {isa = PBXFileReference; lastKnownFileType = sourcecode.swift; path = "Extension + UIImage.swift"; sourceTree = "<group>"; };
		645290DE2B384A6900855E7E /* CustomNavigationButton.swift */ = {isa = PBXFileReference; lastKnownFileType = sourcecode.swift; path = CustomNavigationButton.swift; sourceTree = "<group>"; };
		645290E12B384C4A00855E7E /* ProfileEditView.swift */ = {isa = PBXFileReference; lastKnownFileType = sourcecode.swift; path = ProfileEditView.swift; sourceTree = "<group>"; };
		645290E32B384C7300855E7E /* ProfileEditViewController.swift */ = {isa = PBXFileReference; lastKnownFileType = sourcecode.swift; path = ProfileEditViewController.swift; sourceTree = "<group>"; };
		645290E52B384C8F00855E7E /* ProfileEditViewModel.swift */ = {isa = PBXFileReference; lastKnownFileType = sourcecode.swift; path = ProfileEditViewModel.swift; sourceTree = "<group>"; };
		645290F32B38B4D200855E7E /* ProfileEditCell.swift */ = {isa = PBXFileReference; lastKnownFileType = sourcecode.swift; path = ProfileEditCell.swift; sourceTree = "<group>"; };
		645290F72B38B53400855E7E /* ProfileEditCellData.swift */ = {isa = PBXFileReference; lastKnownFileType = sourcecode.swift; path = ProfileEditCellData.swift; sourceTree = "<group>"; };
		645290F92B38B55000855E7E /* TextFieldData.swift */ = {isa = PBXFileReference; lastKnownFileType = sourcecode.swift; path = TextFieldData.swift; sourceTree = "<group>"; };
		645290FC2B3A7A9500855E7E /* VerificationViewController.swift */ = {isa = PBXFileReference; lastKnownFileType = sourcecode.swift; path = VerificationViewController.swift; sourceTree = "<group>"; };
		645290FE2B3A7ADC00855E7E /* VerificationView.swift */ = {isa = PBXFileReference; lastKnownFileType = sourcecode.swift; path = VerificationView.swift; sourceTree = "<group>"; };
		645291002B3A7B8C00855E7E /* VerificationViewModel.swift */ = {isa = PBXFileReference; lastKnownFileType = sourcecode.swift; path = VerificationViewModel.swift; sourceTree = "<group>"; };
		645291032B3D6A8C00855E7E /* RecoveyViewController.swift */ = {isa = PBXFileReference; lastKnownFileType = sourcecode.swift; path = RecoveyViewController.swift; sourceTree = "<group>"; };
		645291052B3D6AA100855E7E /* RecoveryView.swift */ = {isa = PBXFileReference; lastKnownFileType = sourcecode.swift; path = RecoveryView.swift; sourceTree = "<group>"; };
		645291072B3D6AB700855E7E /* RecoveryViewModel.swift */ = {isa = PBXFileReference; lastKnownFileType = sourcecode.swift; path = RecoveryViewModel.swift; sourceTree = "<group>"; };
		645291092B3D830A00855E7E /* CodeInputView.swift */ = {isa = PBXFileReference; lastKnownFileType = sourcecode.swift; path = CodeInputView.swift; sourceTree = "<group>"; };
		6452910C2B3E065200855E7E /* MainView.swift */ = {isa = PBXFileReference; lastKnownFileType = sourcecode.swift; path = MainView.swift; sourceTree = "<group>"; };
		6452910E2B3E065F00855E7E /* MainViewController.swift */ = {isa = PBXFileReference; lastKnownFileType = sourcecode.swift; path = MainViewController.swift; sourceTree = "<group>"; };
		645291122B3E067C00855E7E /* MainViewModel.swift */ = {isa = PBXFileReference; lastKnownFileType = sourcecode.swift; path = MainViewModel.swift; sourceTree = "<group>"; };
		645291152B440C9900855E7E /* Endpoint.swift */ = {isa = PBXFileReference; lastKnownFileType = sourcecode.swift; path = Endpoint.swift; sourceTree = "<group>"; };
		645291172B440CB100855E7E /* HTTP.swift */ = {isa = PBXFileReference; lastKnownFileType = sourcecode.swift; path = HTTP.swift; sourceTree = "<group>"; };
		645291192B440CD000855E7E /* NetworkManager.swift */ = {isa = PBXFileReference; lastKnownFileType = sourcecode.swift; path = NetworkManager.swift; sourceTree = "<group>"; };
		6452911F2B440D0C00855E7E /* Models.swift */ = {isa = PBXFileReference; lastKnownFileType = sourcecode.swift; path = Models.swift; sourceTree = "<group>"; };
		645291242B44868000855E7E /* TokenDataManager.swift */ = {isa = PBXFileReference; lastKnownFileType = sourcecode.swift; path = TokenDataManager.swift; sourceTree = "<group>"; };
		BA8A11A486130BE23DE3D155 /* Pods-Neobis_iOS_Marketplace.release.xcconfig */ = {isa = PBXFileReference; includeInIndex = 1; lastKnownFileType = text.xcconfig; name = "Pods-Neobis_iOS_Marketplace.release.xcconfig"; path = "Target Support Files/Pods-Neobis_iOS_Marketplace/Pods-Neobis_iOS_Marketplace.release.xcconfig"; sourceTree = "<group>"; };
/* End PBXFileReference section */

/* Begin PBXFrameworksBuildPhase section */
		6452907F2B31E0B800855E7E /* Frameworks */ = {
			isa = PBXFrameworksBuildPhase;
			buildActionMask = 2147483647;
			files = (
				8A53FE2B36F047AA23AEB5B2 /* Pods_Neobis_iOS_Marketplace.framework in Frameworks */,
			);
			runOnlyForDeploymentPostprocessing = 0;
		};
/* End PBXFrameworksBuildPhase section */

/* Begin PBXGroup section */
		2AB890059562F8C567394477 /* Pods */ = {
			isa = PBXGroup;
			children = (
				0FD4A6A2D4B6D83714909FA6 /* Pods-Neobis_iOS_Marketplace.debug.xcconfig */,
				BA8A11A486130BE23DE3D155 /* Pods-Neobis_iOS_Marketplace.release.xcconfig */,
			);
			path = Pods;
			sourceTree = "<group>";
		};
		645290792B31E0B700855E7E = {
			isa = PBXGroup;
			children = (
				645290842B31E0B800855E7E /* Neobis_iOS_Marketplace */,
				645290832B31E0B800855E7E /* Products */,
				2AB890059562F8C567394477 /* Pods */,
				BBF8B66A05C07C1B1771810A /* Frameworks */,
			);
			sourceTree = "<group>";
		};
		645290832B31E0B800855E7E /* Products */ = {
			isa = PBXGroup;
			children = (
				645290822B31E0B800855E7E /* Neobis_iOS_Marketplace.app */,
			);
			name = Products;
			sourceTree = "<group>";
		};
		645290842B31E0B800855E7E /* Neobis_iOS_Marketplace */ = {
			isa = PBXGroup;
			children = (
				645290DA2B34D9C600855E7E /* TabBarController.swift */,
				645291232B44865700855E7E /* DataManager */,
				6452911B2B440CEF00855E7E /* Models */,
				645291142B440C7B00855E7E /* API */,
				6452910B2B3E063E00855E7E /* MainScreen */,
				645291022B3D6A6F00855E7E /* RecoveryScreen */,
				645290FB2B3A749600855E7E /* VerficiationScreen */,
				645290E02B384C2B00855E7E /* ProfileEditScreen */,
				645290CF2B346FAF00855E7E /* ProfileScreen */,
				645290C62B32400E00855E7E /* CreatePasswordScreen */,
				645290BF2B320CD400855E7E /* RegisterScreen */,
				645290A02B31EAC200855E7E /* Custom UI views */,
				645290932B31E0B900855E7E /* Info.plist */,
				6452909A2B31EA1800855E7E /* LoginScreen */,
				645290992B31E98800855E7E /* Supporting files */,
				6452909D2B31EA8200855E7E /* Extensions */,
			);
			path = Neobis_iOS_Marketplace;
			sourceTree = "<group>";
		};
		645290992B31E98800855E7E /* Supporting files */ = {
			isa = PBXGroup;
			children = (
				645290AA2B31EC6E00855E7E /* Fonts */,
				645290852B31E0B800855E7E /* AppDelegate.swift */,
				645290872B31E0B800855E7E /* SceneDelegate.swift */,
				645290902B31E0B900855E7E /* LaunchScreen.storyboard */,
				6452908E2B31E0B900855E7E /* Assets.xcassets */,
			);
			path = "Supporting files";
			sourceTree = "<group>";
		};
		6452909A2B31EA1800855E7E /* LoginScreen */ = {
			isa = PBXGroup;
			children = (
				645290892B31E0B800855E7E /* LoginViewController.swift */,
				6452909B2B31EA6A00855E7E /* LoginView.swift */,
				645290A72B31EB2300855E7E /* LoginViewModel.swift */,
			);
			path = LoginScreen;
			sourceTree = "<group>";
		};
		6452909D2B31EA8200855E7E /* Extensions */ = {
			isa = PBXGroup;
			children = (
				6452909E2B31EA9A00855E7E /* Extension + UIColor.swift */,
				645290DC2B37F6B000855E7E /* Extension + UIImage.swift */,
			);
			path = Extensions;
			sourceTree = "<group>";
		};
		645290A02B31EAC200855E7E /* Custom UI views */ = {
			isa = PBXGroup;
			children = (
				645290A32B31EAF700855E7E /* CustomTextField.swift */,
				645290CD2B3249B500855E7E /* PasswordTextField.swift */,
				645290A12B31EAEA00855E7E /* CustomButton.swift */,
				645290A52B31EB0000855E7E /* CustomLabel.swift */,
				645290DE2B384A6900855E7E /* CustomNavigationButton.swift */,
			);
			path = "Custom UI views";
			sourceTree = "<group>";
		};
		645290AA2B31EC6E00855E7E /* Fonts */ = {
			isa = PBXGroup;
			children = (
				645290AB2B31EC6E00855E7E /* gothampro_mediumitalic.ttf */,
				645290AC2B31EC6E00855E7E /* gothampro_medium.ttf */,
				645290AD2B31EC6E00855E7E /* gothampro.ttf */,
				645290AE2B31EC6E00855E7E /* gothampro_bold.ttf */,
				645290AF2B31EC6E00855E7E /* gothampro_black.ttf */,
				645290B02B31EC6E00855E7E /* gothampro_italic.ttf */,
				645290B12B31EC6E00855E7E /* gothampro_light.ttf */,
				645290B22B31EC6E00855E7E /* gothampro_lightitalic.ttf */,
				645290B32B31EC6E00855E7E /* gothampro_blackitalic.ttf */,
				645290B42B31EC6E00855E7E /* gothampro_bolditalic.ttf */,
			);
			name = Fonts;
			path = ../../../../../../Fonts;
			sourceTree = "<group>";
		};
		645290BF2B320CD400855E7E /* RegisterScreen */ = {
			isa = PBXGroup;
			children = (
				645290C02B320CEC00855E7E /* RegisterViewController.swift */,
				645290C22B320CFE00855E7E /* RegisterView.swift */,
				645290C42B320D0900855E7E /* RegisterViewModel.swift */,
			);
			path = RegisterScreen;
			sourceTree = "<group>";
		};
		645290C62B32400E00855E7E /* CreatePasswordScreen */ = {
			isa = PBXGroup;
			children = (
				645290C72B32402C00855E7E /* CreatePasswordViewController.swift */,
				645290C92B32404600855E7E /* CreatePasswordView.swift */,
				645290CB2B32409E00855E7E /* CreatePasswordViewModel.swift */,
			);
			path = CreatePasswordScreen;
			sourceTree = "<group>";
		};
		645290CF2B346FAF00855E7E /* ProfileScreen */ = {
			isa = PBXGroup;
			children = (
				645290D02B346FC600855E7E /* ProfileView.swift */,
				645290D22B346FD900855E7E /* ProfileViewController.swift */,
				645290D42B346FE900855E7E /* ProfileViewModel.swift */,
				645290D62B347EA900855E7E /* ProfileTableViewCell.swift */,
				645290D82B34878600855E7E /* ProfileCellData.swift */,
			);
			path = ProfileScreen;
			sourceTree = "<group>";
		};
		645290E02B384C2B00855E7E /* ProfileEditScreen */ = {
			isa = PBXGroup;
			children = (
				645290E12B384C4A00855E7E /* ProfileEditView.swift */,
				645290E32B384C7300855E7E /* ProfileEditViewController.swift */,
				645290E52B384C8F00855E7E /* ProfileEditViewModel.swift */,
				645290F32B38B4D200855E7E /* ProfileEditCell.swift */,
				645290F72B38B53400855E7E /* ProfileEditCellData.swift */,
				645290F92B38B55000855E7E /* TextFieldData.swift */,
			);
			path = ProfileEditScreen;
			sourceTree = "<group>";
		};
		645290FB2B3A749600855E7E /* VerficiationScreen */ = {
			isa = PBXGroup;
			children = (
				645290FC2B3A7A9500855E7E /* VerificationViewController.swift */,
				645290FE2B3A7ADC00855E7E /* VerificationView.swift */,
				645291002B3A7B8C00855E7E /* VerificationViewModel.swift */,
			);
			path = VerficiationScreen;
			sourceTree = "<group>";
		};
		645291022B3D6A6F00855E7E /* RecoveryScreen */ = {
			isa = PBXGroup;
			children = (
				645291032B3D6A8C00855E7E /* RecoveyViewController.swift */,
				645291052B3D6AA100855E7E /* RecoveryView.swift */,
				645291092B3D830A00855E7E /* CodeInputView.swift */,
				645291072B3D6AB700855E7E /* RecoveryViewModel.swift */,
			);
			path = RecoveryScreen;
			sourceTree = "<group>";
		};
		6452910B2B3E063E00855E7E /* MainScreen */ = {
			isa = PBXGroup;
			children = (
				6452910C2B3E065200855E7E /* MainView.swift */,
				6452910E2B3E065F00855E7E /* MainViewController.swift */,
				645291122B3E067C00855E7E /* MainViewModel.swift */,
			);
			path = MainScreen;
			sourceTree = "<group>";
		};
		645291142B440C7B00855E7E /* API */ = {
			isa = PBXGroup;
			children = (
				645291152B440C9900855E7E /* Endpoint.swift */,
				645291172B440CB100855E7E /* HTTP.swift */,
				645291192B440CD000855E7E /* NetworkManager.swift */,
			);
			path = API;
			sourceTree = "<group>";
		};
		6452911B2B440CEF00855E7E /* Models */ = {
			isa = PBXGroup;
			children = (
				6452911F2B440D0C00855E7E /* Models.swift */,
			);
			path = Models;
			sourceTree = "<group>";
		};
		645291232B44865700855E7E /* DataManager */ = {
			isa = PBXGroup;
			children = (
				645291242B44868000855E7E /* TokenDataManager.swift */,
			);
			path = DataManager;
			sourceTree = "<group>";
		};
		BBF8B66A05C07C1B1771810A /* Frameworks */ = {
			isa = PBXGroup;
			children = (
				1A28795AD258BB37E0CEDAE5 /* Pods_Neobis_iOS_Marketplace.framework */,
			);
			name = Frameworks;
			sourceTree = "<group>";
		};
/* End PBXGroup section */

/* Begin PBXNativeTarget section */
		645290812B31E0B800855E7E /* Neobis_iOS_Marketplace */ = {
			isa = PBXNativeTarget;
			buildConfigurationList = 645290962B31E0B900855E7E /* Build configuration list for PBXNativeTarget "Neobis_iOS_Marketplace" */;
			buildPhases = (
				8C0A242C9409A71BFFC0A3F8 /* [CP] Check Pods Manifest.lock */,
				6452907E2B31E0B800855E7E /* Sources */,
				6452907F2B31E0B800855E7E /* Frameworks */,
				645290802B31E0B800855E7E /* Resources */,
				EFAEC9CA6A879BAE9B7E96C7 /* [CP] Embed Pods Frameworks */,
			);
			buildRules = (
			);
			dependencies = (
			);
			name = Neobis_iOS_Marketplace;
			productName = Neobis_iOS_Marketplace;
			productReference = 645290822B31E0B800855E7E /* Neobis_iOS_Marketplace.app */;
			productType = "com.apple.product-type.application";
		};
/* End PBXNativeTarget section */

/* Begin PBXProject section */
		6452907A2B31E0B700855E7E /* Project object */ = {
			isa = PBXProject;
			attributes = {
				BuildIndependentTargetsInParallel = 1;
				LastSwiftUpdateCheck = 1420;
				LastUpgradeCheck = 1420;
				TargetAttributes = {
					645290812B31E0B800855E7E = {
						CreatedOnToolsVersion = 14.2;
					};
				};
			};
			buildConfigurationList = 6452907D2B31E0B700855E7E /* Build configuration list for PBXProject "Neobis_iOS_Marketplace" */;
			compatibilityVersion = "Xcode 14.0";
			developmentRegion = en;
			hasScannedForEncodings = 0;
			knownRegions = (
				en,
				Base,
			);
			mainGroup = 645290792B31E0B700855E7E;
			productRefGroup = 645290832B31E0B800855E7E /* Products */;
			projectDirPath = "";
			projectRoot = "";
			targets = (
				645290812B31E0B800855E7E /* Neobis_iOS_Marketplace */,
			);
		};
/* End PBXProject section */

/* Begin PBXResourcesBuildPhase section */
		645290802B31E0B800855E7E /* Resources */ = {
			isa = PBXResourcesBuildPhase;
			buildActionMask = 2147483647;
			files = (
				645290BB2B31EC6E00855E7E /* gothampro_light.ttf in Resources */,
				645290BC2B31EC6E00855E7E /* gothampro_lightitalic.ttf in Resources */,
				645290B72B31EC6E00855E7E /* gothampro.ttf in Resources */,
				645290B82B31EC6E00855E7E /* gothampro_bold.ttf in Resources */,
				645290BD2B31EC6E00855E7E /* gothampro_blackitalic.ttf in Resources */,
				645290922B31E0B900855E7E /* LaunchScreen.storyboard in Resources */,
				645290B62B31EC6E00855E7E /* gothampro_medium.ttf in Resources */,
				645290B52B31EC6E00855E7E /* gothampro_mediumitalic.ttf in Resources */,
				6452908F2B31E0B900855E7E /* Assets.xcassets in Resources */,
				645290BA2B31EC6E00855E7E /* gothampro_italic.ttf in Resources */,
				645290B92B31EC6E00855E7E /* gothampro_black.ttf in Resources */,
				645290BE2B31EC6E00855E7E /* gothampro_bolditalic.ttf in Resources */,
			);
			runOnlyForDeploymentPostprocessing = 0;
		};
/* End PBXResourcesBuildPhase section */

/* Begin PBXShellScriptBuildPhase section */
		8C0A242C9409A71BFFC0A3F8 /* [CP] Check Pods Manifest.lock */ = {
			isa = PBXShellScriptBuildPhase;
			buildActionMask = 2147483647;
			files = (
			);
			inputFileListPaths = (
			);
			inputPaths = (
				"${PODS_PODFILE_DIR_PATH}/Podfile.lock",
				"${PODS_ROOT}/Manifest.lock",
			);
			name = "[CP] Check Pods Manifest.lock";
			outputFileListPaths = (
			);
			outputPaths = (
				"$(DERIVED_FILE_DIR)/Pods-Neobis_iOS_Marketplace-checkManifestLockResult.txt",
			);
			runOnlyForDeploymentPostprocessing = 0;
			shellPath = /bin/sh;
			shellScript = "diff \"${PODS_PODFILE_DIR_PATH}/Podfile.lock\" \"${PODS_ROOT}/Manifest.lock\" > /dev/null\nif [ $? != 0 ] ; then\n    # print error to STDERR\n    echo \"error: The sandbox is not in sync with the Podfile.lock. Run 'pod install' or update your CocoaPods installation.\" >&2\n    exit 1\nfi\n# This output is used by Xcode 'outputs' to avoid re-running this script phase.\necho \"SUCCESS\" > \"${SCRIPT_OUTPUT_FILE_0}\"\n";
			showEnvVarsInLog = 0;
		};
		EFAEC9CA6A879BAE9B7E96C7 /* [CP] Embed Pods Frameworks */ = {
			isa = PBXShellScriptBuildPhase;
			buildActionMask = 2147483647;
			files = (
			);
			inputFileListPaths = (
				"${PODS_ROOT}/Target Support Files/Pods-Neobis_iOS_Marketplace/Pods-Neobis_iOS_Marketplace-frameworks-${CONFIGURATION}-input-files.xcfilelist",
			);
			name = "[CP] Embed Pods Frameworks";
			outputFileListPaths = (
				"${PODS_ROOT}/Target Support Files/Pods-Neobis_iOS_Marketplace/Pods-Neobis_iOS_Marketplace-frameworks-${CONFIGURATION}-output-files.xcfilelist",
			);
			runOnlyForDeploymentPostprocessing = 0;
			shellPath = /bin/sh;
			shellScript = "\"${PODS_ROOT}/Target Support Files/Pods-Neobis_iOS_Marketplace/Pods-Neobis_iOS_Marketplace-frameworks.sh\"\n";
			showEnvVarsInLog = 0;
		};
/* End PBXShellScriptBuildPhase section */

/* Begin PBXSourcesBuildPhase section */
		6452907E2B31E0B800855E7E /* Sources */ = {
			isa = PBXSourcesBuildPhase;
			buildActionMask = 2147483647;
			files = (
				645290C32B320CFE00855E7E /* RegisterView.swift in Sources */,
				645290D52B346FE900855E7E /* ProfileViewModel.swift in Sources */,
				645290D92B34878600855E7E /* ProfileCellData.swift in Sources */,
				645290CA2B32404600855E7E /* CreatePasswordView.swift in Sources */,
				645291042B3D6A8C00855E7E /* RecoveyViewController.swift in Sources */,
				645291252B44868000855E7E /* TokenDataManager.swift in Sources */,
				6452910D2B3E065200855E7E /* MainView.swift in Sources */,
				645290C12B320CEC00855E7E /* RegisterViewController.swift in Sources */,
				645290A42B31EAF700855E7E /* CustomTextField.swift in Sources */,
				645291012B3A7B8C00855E7E /* VerificationViewModel.swift in Sources */,
				645291182B440CB100855E7E /* HTTP.swift in Sources */,
				645290DF2B384A6900855E7E /* CustomNavigationButton.swift in Sources */,
				645291202B440D0C00855E7E /* Models.swift in Sources */,
				6452910A2B3D830A00855E7E /* CodeInputView.swift in Sources */,
				6452908A2B31E0B800855E7E /* LoginViewController.swift in Sources */,
				6452911A2B440CD000855E7E /* NetworkManager.swift in Sources */,
				645290C82B32402C00855E7E /* CreatePasswordViewController.swift in Sources */,
				645290D32B346FD900855E7E /* ProfileViewController.swift in Sources */,
				645290862B31E0B800855E7E /* AppDelegate.swift in Sources */,
				645291132B3E067C00855E7E /* MainViewModel.swift in Sources */,
				645290A22B31EAEA00855E7E /* CustomButton.swift in Sources */,
				645290F42B38B4D200855E7E /* ProfileEditCell.swift in Sources */,
				6452909C2B31EA6A00855E7E /* LoginView.swift in Sources */,
				645290D12B346FC600855E7E /* ProfileView.swift in Sources */,
				645290FF2B3A7ADC00855E7E /* VerificationView.swift in Sources */,
				645290DB2B34D9C600855E7E /* TabBarController.swift in Sources */,
				645290C52B320D0900855E7E /* RegisterViewModel.swift in Sources */,
				645290D72B347EA900855E7E /* ProfileTableViewCell.swift in Sources */,
				645291082B3D6AB700855E7E /* RecoveryViewModel.swift in Sources */,
				645290882B31E0B800855E7E /* SceneDelegate.swift in Sources */,
				645291162B440C9900855E7E /* Endpoint.swift in Sources */,
				6452909F2B31EA9A00855E7E /* Extension + UIColor.swift in Sources */,
				645290FA2B38B55000855E7E /* TextFieldData.swift in Sources */,
				6452910F2B3E065F00855E7E /* MainViewController.swift in Sources */,
				645290A62B31EB0000855E7E /* CustomLabel.swift in Sources */,
				645290DD2B37F6B000855E7E /* Extension + UIImage.swift in Sources */,
				645290FD2B3A7A9500855E7E /* VerificationViewController.swift in Sources */,
				645290F82B38B53400855E7E /* ProfileEditCellData.swift in Sources */,
				645290CC2B32409E00855E7E /* CreatePasswordViewModel.swift in Sources */,
				645290E22B384C4A00855E7E /* ProfileEditView.swift in Sources */,
				645291062B3D6AA100855E7E /* RecoveryView.swift in Sources */,
				645290CE2B3249B500855E7E /* PasswordTextField.swift in Sources */,
				645290E42B384C7300855E7E /* ProfileEditViewController.swift in Sources */,
				645290A82B31EB2300855E7E /* LoginViewModel.swift in Sources */,
				645290E62B384C8F00855E7E /* ProfileEditViewModel.swift in Sources */,
			);
			runOnlyForDeploymentPostprocessing = 0;
		};
/* End PBXSourcesBuildPhase section */

/* Begin PBXVariantGroup section */
		645290902B31E0B900855E7E /* LaunchScreen.storyboard */ = {
			isa = PBXVariantGroup;
			children = (
				645290912B31E0B900855E7E /* Base */,
			);
			name = LaunchScreen.storyboard;
			sourceTree = "<group>";
		};
/* End PBXVariantGroup section */

/* Begin XCBuildConfiguration section */
		645290942B31E0B900855E7E /* Debug */ = {
			isa = XCBuildConfiguration;
			buildSettings = {
				ALWAYS_SEARCH_USER_PATHS = NO;
				CLANG_ANALYZER_NONNULL = YES;
				CLANG_ANALYZER_NUMBER_OBJECT_CONVERSION = YES_AGGRESSIVE;
				CLANG_CXX_LANGUAGE_STANDARD = "gnu++20";
				CLANG_ENABLE_MODULES = YES;
				CLANG_ENABLE_OBJC_ARC = YES;
				CLANG_ENABLE_OBJC_WEAK = YES;
				CLANG_WARN_BLOCK_CAPTURE_AUTORELEASING = YES;
				CLANG_WARN_BOOL_CONVERSION = YES;
				CLANG_WARN_COMMA = YES;
				CLANG_WARN_CONSTANT_CONVERSION = YES;
				CLANG_WARN_DEPRECATED_OBJC_IMPLEMENTATIONS = YES;
				CLANG_WARN_DIRECT_OBJC_ISA_USAGE = YES_ERROR;
				CLANG_WARN_DOCUMENTATION_COMMENTS = YES;
				CLANG_WARN_EMPTY_BODY = YES;
				CLANG_WARN_ENUM_CONVERSION = YES;
				CLANG_WARN_INFINITE_RECURSION = YES;
				CLANG_WARN_INT_CONVERSION = YES;
				CLANG_WARN_NON_LITERAL_NULL_CONVERSION = YES;
				CLANG_WARN_OBJC_IMPLICIT_RETAIN_SELF = YES;
				CLANG_WARN_OBJC_LITERAL_CONVERSION = YES;
				CLANG_WARN_OBJC_ROOT_CLASS = YES_ERROR;
				CLANG_WARN_QUOTED_INCLUDE_IN_FRAMEWORK_HEADER = YES;
				CLANG_WARN_RANGE_LOOP_ANALYSIS = YES;
				CLANG_WARN_STRICT_PROTOTYPES = YES;
				CLANG_WARN_SUSPICIOUS_MOVE = YES;
				CLANG_WARN_UNGUARDED_AVAILABILITY = YES_AGGRESSIVE;
				CLANG_WARN_UNREACHABLE_CODE = YES;
				CLANG_WARN__DUPLICATE_METHOD_MATCH = YES;
				COPY_PHASE_STRIP = NO;
				DEBUG_INFORMATION_FORMAT = dwarf;
				ENABLE_STRICT_OBJC_MSGSEND = YES;
				ENABLE_TESTABILITY = YES;
				GCC_C_LANGUAGE_STANDARD = gnu11;
				GCC_DYNAMIC_NO_PIC = NO;
				GCC_NO_COMMON_BLOCKS = YES;
				GCC_OPTIMIZATION_LEVEL = 0;
				GCC_PREPROCESSOR_DEFINITIONS = (
					"DEBUG=1",
					"$(inherited)",
				);
				GCC_WARN_64_TO_32_BIT_CONVERSION = YES;
				GCC_WARN_ABOUT_RETURN_TYPE = YES_ERROR;
				GCC_WARN_UNDECLARED_SELECTOR = YES;
				GCC_WARN_UNINITIALIZED_AUTOS = YES_AGGRESSIVE;
				GCC_WARN_UNUSED_FUNCTION = YES;
				GCC_WARN_UNUSED_VARIABLE = YES;
				IPHONEOS_DEPLOYMENT_TARGET = 16.2;
				MTL_ENABLE_DEBUG_INFO = INCLUDE_SOURCE;
				MTL_FAST_MATH = YES;
				ONLY_ACTIVE_ARCH = YES;
				SDKROOT = iphoneos;
				SWIFT_ACTIVE_COMPILATION_CONDITIONS = DEBUG;
				SWIFT_OPTIMIZATION_LEVEL = "-Onone";
			};
			name = Debug;
		};
		645290952B31E0B900855E7E /* Release */ = {
			isa = XCBuildConfiguration;
			buildSettings = {
				ALWAYS_SEARCH_USER_PATHS = NO;
				CLANG_ANALYZER_NONNULL = YES;
				CLANG_ANALYZER_NUMBER_OBJECT_CONVERSION = YES_AGGRESSIVE;
				CLANG_CXX_LANGUAGE_STANDARD = "gnu++20";
				CLANG_ENABLE_MODULES = YES;
				CLANG_ENABLE_OBJC_ARC = YES;
				CLANG_ENABLE_OBJC_WEAK = YES;
				CLANG_WARN_BLOCK_CAPTURE_AUTORELEASING = YES;
				CLANG_WARN_BOOL_CONVERSION = YES;
				CLANG_WARN_COMMA = YES;
				CLANG_WARN_CONSTANT_CONVERSION = YES;
				CLANG_WARN_DEPRECATED_OBJC_IMPLEMENTATIONS = YES;
				CLANG_WARN_DIRECT_OBJC_ISA_USAGE = YES_ERROR;
				CLANG_WARN_DOCUMENTATION_COMMENTS = YES;
				CLANG_WARN_EMPTY_BODY = YES;
				CLANG_WARN_ENUM_CONVERSION = YES;
				CLANG_WARN_INFINITE_RECURSION = YES;
				CLANG_WARN_INT_CONVERSION = YES;
				CLANG_WARN_NON_LITERAL_NULL_CONVERSION = YES;
				CLANG_WARN_OBJC_IMPLICIT_RETAIN_SELF = YES;
				CLANG_WARN_OBJC_LITERAL_CONVERSION = YES;
				CLANG_WARN_OBJC_ROOT_CLASS = YES_ERROR;
				CLANG_WARN_QUOTED_INCLUDE_IN_FRAMEWORK_HEADER = YES;
				CLANG_WARN_RANGE_LOOP_ANALYSIS = YES;
				CLANG_WARN_STRICT_PROTOTYPES = YES;
				CLANG_WARN_SUSPICIOUS_MOVE = YES;
				CLANG_WARN_UNGUARDED_AVAILABILITY = YES_AGGRESSIVE;
				CLANG_WARN_UNREACHABLE_CODE = YES;
				CLANG_WARN__DUPLICATE_METHOD_MATCH = YES;
				COPY_PHASE_STRIP = NO;
				DEBUG_INFORMATION_FORMAT = "dwarf-with-dsym";
				ENABLE_NS_ASSERTIONS = NO;
				ENABLE_STRICT_OBJC_MSGSEND = YES;
				GCC_C_LANGUAGE_STANDARD = gnu11;
				GCC_NO_COMMON_BLOCKS = YES;
				GCC_WARN_64_TO_32_BIT_CONVERSION = YES;
				GCC_WARN_ABOUT_RETURN_TYPE = YES_ERROR;
				GCC_WARN_UNDECLARED_SELECTOR = YES;
				GCC_WARN_UNINITIALIZED_AUTOS = YES_AGGRESSIVE;
				GCC_WARN_UNUSED_FUNCTION = YES;
				GCC_WARN_UNUSED_VARIABLE = YES;
				IPHONEOS_DEPLOYMENT_TARGET = 16.2;
				MTL_ENABLE_DEBUG_INFO = NO;
				MTL_FAST_MATH = YES;
				SDKROOT = iphoneos;
				SWIFT_COMPILATION_MODE = wholemodule;
				SWIFT_OPTIMIZATION_LEVEL = "-O";
				VALIDATE_PRODUCT = YES;
			};
			name = Release;
		};
		645290972B31E0B900855E7E /* Debug */ = {
			isa = XCBuildConfiguration;
			baseConfigurationReference = 0FD4A6A2D4B6D83714909FA6 /* Pods-Neobis_iOS_Marketplace.debug.xcconfig */;
			buildSettings = {
				ASSETCATALOG_COMPILER_APPICON_NAME = AppIcon;
				ASSETCATALOG_COMPILER_GLOBAL_ACCENT_COLOR_NAME = AccentColor;
				CODE_SIGN_STYLE = Manual;
				CURRENT_PROJECT_VERSION = 1;
				DEVELOPMENT_TEAM = "";
				GENERATE_INFOPLIST_FILE = YES;
				INFOPLIST_FILE = Neobis_iOS_Marketplace/Info.plist;
				INFOPLIST_KEY_UIApplicationSupportsIndirectInputEvents = YES;
				INFOPLIST_KEY_UILaunchStoryboardName = LaunchScreen;
				INFOPLIST_KEY_UISupportedInterfaceOrientations_iPad = "UIInterfaceOrientationPortrait UIInterfaceOrientationPortraitUpsideDown UIInterfaceOrientationLandscapeLeft UIInterfaceOrientationLandscapeRight";
				INFOPLIST_KEY_UISupportedInterfaceOrientations_iPhone = "UIInterfaceOrientationPortrait UIInterfaceOrientationLandscapeLeft UIInterfaceOrientationLandscapeRight";
				LD_RUNPATH_SEARCH_PATHS = (
					"$(inherited)",
					"@executable_path/Frameworks",
				);
				MARKETING_VERSION = 1.0;
				PRODUCT_BUNDLE_IDENTIFIER = "Kr57.Neobis-iOS-Marketplace";
				PRODUCT_NAME = "$(TARGET_NAME)";
				PROVISIONING_PROFILE_SPECIFIER = "";
				SWIFT_EMIT_LOC_STRINGS = YES;
				SWIFT_VERSION = 5.0;
				TARGETED_DEVICE_FAMILY = "1,2";
			};
			name = Debug;
		};
		645290982B31E0B900855E7E /* Release */ = {
			isa = XCBuildConfiguration;
			baseConfigurationReference = BA8A11A486130BE23DE3D155 /* Pods-Neobis_iOS_Marketplace.release.xcconfig */;
			buildSettings = {
				ASSETCATALOG_COMPILER_APPICON_NAME = AppIcon;
				ASSETCATALOG_COMPILER_GLOBAL_ACCENT_COLOR_NAME = AccentColor;
				CODE_SIGN_STYLE = Manual;
				CURRENT_PROJECT_VERSION = 1;
				DEVELOPMENT_TEAM = "";
				GENERATE_INFOPLIST_FILE = YES;
				INFOPLIST_FILE = Neobis_iOS_Marketplace/Info.plist;
				INFOPLIST_KEY_UIApplicationSupportsIndirectInputEvents = YES;
				INFOPLIST_KEY_UILaunchStoryboardName = LaunchScreen;
				INFOPLIST_KEY_UISupportedInterfaceOrientations_iPad = "UIInterfaceOrientationPortrait UIInterfaceOrientationPortraitUpsideDown UIInterfaceOrientationLandscapeLeft UIInterfaceOrientationLandscapeRight";
				INFOPLIST_KEY_UISupportedInterfaceOrientations_iPhone = "UIInterfaceOrientationPortrait UIInterfaceOrientationLandscapeLeft UIInterfaceOrientationLandscapeRight";
				LD_RUNPATH_SEARCH_PATHS = (
					"$(inherited)",
					"@executable_path/Frameworks",
				);
				MARKETING_VERSION = 1.0;
				PRODUCT_BUNDLE_IDENTIFIER = "Kr57.Neobis-iOS-Marketplace";
				PRODUCT_NAME = "$(TARGET_NAME)";
				PROVISIONING_PROFILE_SPECIFIER = "";
				SWIFT_EMIT_LOC_STRINGS = YES;
				SWIFT_VERSION = 5.0;
				TARGETED_DEVICE_FAMILY = "1,2";
			};
			name = Release;
		};
/* End XCBuildConfiguration section */

/* Begin XCConfigurationList section */
		6452907D2B31E0B700855E7E /* Build configuration list for PBXProject "Neobis_iOS_Marketplace" */ = {
			isa = XCConfigurationList;
			buildConfigurations = (
				645290942B31E0B900855E7E /* Debug */,
				645290952B31E0B900855E7E /* Release */,
			);
			defaultConfigurationIsVisible = 0;
			defaultConfigurationName = Release;
		};
		645290962B31E0B900855E7E /* Build configuration list for PBXNativeTarget "Neobis_iOS_Marketplace" */ = {
			isa = XCConfigurationList;
			buildConfigurations = (
				645290972B31E0B900855E7E /* Debug */,
				645290982B31E0B900855E7E /* Release */,
			);
			defaultConfigurationIsVisible = 0;
			defaultConfigurationName = Release;
		};
/* End XCConfigurationList section */
	};
	rootObject = 6452907A2B31E0B700855E7E /* Project object */;
}
